
Microsoft Visual Studio Solution File, Format Version 12.00
# Visual Studio Version 17
VisualStudioVersion = 17.14.36429.23 d17.14
MinimumVisualStudioVersion = 10.0.40219.1
Project("{FAE04EC0-301F-11D3-BF4B-00C04F79EFBC}") = "PiastaNet.API", "PiastaNet.API\PiastaNet.API.csproj", "{CE6CF5B7-A2D4-41B1-8459-A5E23B7A897B}"
EndProject
Global
	GlobalSection(SolutionConfigurationPlatforms) = preSolution
		Debug|Any CPU = Debug|Any CPU
		Release|Any CPU = Release|Any CPU
	EndGlobalSection
	GlobalSection(ProjectConfigurationPlatforms) = postSolution
		{CE6CF5B7-A2D4-41B1-8459-A5E23B7A897B}.Debug|Any CPU.ActiveCfg = Debug|Any CPU
		{CE6CF5B7-A2D4-41B1-8459-A5E23B7A897B}.Debug|Any CPU.Build.0 = Debug|Any CPU
		{CE6CF5B7-A2D4-41B1-8459-A5E23B7A897B}.Release|Any CPU.ActiveCfg = Release|Any CPU
		{CE6CF5B7-A2D4-41B1-8459-A5E23B7A897B}.Release|Any CPU.Build.0 = Release|Any CPU
	EndGlobalSection
	GlobalSection(SolutionProperties) = preSolution
		HideSolutionNode = FALSE
	EndGlobalSection
	GlobalSection(ExtensibilityGlobals) = postSolution
		SolutionGuid = {77F86322-A4DC-48A6-9571-58C0E7D4C703}
	EndGlobalSection
EndGlobal
